Microsoft Visual Studio Solution File, Format Version 10.00
# Visual Studio 2008
Project("{8BC9CEB8-8B4A-11D0-8D11-00A0C91BC942}") = "FaceDetect", "FaceDetect.vcproj", "{1EFB3428-EF18-48C4-AB9E-E16F3C052CA1}"
EndProject
Global
	GlobalSection(SolutionConfigurationPlatforms) = preSolution
		Debug|Win32 = Debug|Win32
		Release|Win32 = Release|Win32
		Release2|Win32 = Release2|Win32
	EndGlobalSection
	GlobalSection(ProjectConfigurationPlatforms) = postSolution
		{1EFB3428-EF18-48C4-AB9E-E16F3C052CA1}.Debug|Win32.ActiveCfg = Debug|Win32
		{1EFB3428-EF18-48C4-AB9E-E16F3C052CA1}.Debug|Win32.Build.0 = Debug|Win32
		{1EFB3428-EF18-48C4-AB9E-E16F3C052CA1}.Release|Win32.ActiveCfg = Release|Win32
		{1EFB3428-EF18-48C4-AB9E-E16F3C052CA1}.Release|Win32.Build.0 = Release|Win32
		{1EFB3428-EF18-48C4-AB9E-E16F3C052CA1}.Release2|Win32.ActiveCfg = Release2|Win32
		{1EFB3428-EF18-48C4-AB9E-E16F3C052CA1}.Release2|Win32.Build.0 = Release2|Win32
	EndGlobalSection
	GlobalSection(SolutionProperties) = preSolution
		HideSolutionNode = FALSE
	EndGlobalSection
EndGlobal
