
Microsoft Visual Studio Solution File, Format Version 9.00
# Visual Studio 2005
Project("{8BC9CEB8-8B4A-11D0-8D11-00A0C91BC942}") = "EnDecryptStringClass", "EnDecryptStringClass.vcproj", "{E29F154E-A27B-4323-A6E9-EE72054EA96F}"
EndProject
Global
	GlobalSection(SolutionConfigurationPlatforms) = preSolution
		Debug|Win32 = Debug|Win32
		Release|Win32 = Release|Win32
	EndGlobalSection
	GlobalSection(ProjectConfigurationPlatforms) = postSolution
		{E29F154E-A27B-4323-A6E9-EE72054EA96F}.Debug|Win32.ActiveCfg = Debug|Win32
		{E29F154E-A27B-4323-A6E9-EE72054EA96F}.Debug|Win32.Build.0 = Debug|Win32
		{E29F154E-A27B-4323-A6E9-EE72054EA96F}.Release|Win32.ActiveCfg = Release|Win32
		{E29F154E-A27B-4323-A6E9-EE72054EA96F}.Release|Win32.Build.0 = Release|Win32
	EndGlobalSection
	GlobalSection(SolutionProperties) = preSolution
		HideSolutionNode = FALSE
	EndGlobalSection
EndGlobal
