
Microsoft Visual Studio Solution File, Format Version 10.00
# Visual Studio 2008
Project("{8BC9CEB8-8B4A-11D0-8D11-00A0C91BC942}") = "Server", "Server.vcproj", "{79CEA6C4-DFBD-46E9-8478-26CF7C51B888}"
EndProject
Global
	GlobalSection(SolutionConfigurationPlatforms) = preSolution
		Debug|Win32 = Debug|Win32
		Release|Win32 = Release|Win32
	EndGlobalSection
	GlobalSection(ProjectConfigurationPlatforms) = postSolution
		{79CEA6C4-DFBD-46E9-8478-26CF7C51B888}.Debug|Win32.ActiveCfg = Debug|Win32
		{79CEA6C4-DFBD-46E9-8478-26CF7C51B888}.Debug|Win32.Build.0 = Debug|Win32
		{79CEA6C4-DFBD-46E9-8478-26CF7C51B888}.Release|Win32.ActiveCfg = Release|Win32
		{79CEA6C4-DFBD-46E9-8478-26CF7C51B888}.Release|Win32.Build.0 = Release|Win32
	EndGlobalSection
	GlobalSection(SolutionProperties) = preSolution
		HideSolutionNode = FALSE
	EndGlobalSection
EndGlobal
